
Microsoft Visual Studio Solution File, Format Version 12.00
# Visual Studio 14
VisualStudioVersion = 14.0.25420.1
MinimumVisualStudioVersion = 10.0.40219.1
Project("{2150E333-8FDC-42A3-9474-1A3956D46DE8}") = "Solution Items", "Solution Items", "{620A9D91-5933-48E3-A84F-41786EB14A52}"
	ProjectSection(SolutionItems) = preProject
		README.md = README.md
		start-pos-client.sh = start-pos-client.sh
	EndProjectSection
EndProject
Project("{FAE04EC0-301F-11D3-BF4B-00C04F79EFBC}") = "HappyShop.ShoppingClient", "HappyShop.ShoppingClient\HappyShop.ShoppingClient.csproj", "{177C59BA-225D-42A5-A07B-3198D74F4329}"
EndProject
Project("{FAE04EC0-301F-11D3-BF4B-00C04F79EFBC}") = "HappyShop.Configuration", "HappyShop.Base\HappyShop.Configuration\HappyShop.Configuration.csproj", "{B974E4EF-6B86-4665-B2FC-20758802093A}"
EndProject
Project("{FAE04EC0-301F-11D3-BF4B-00C04F79EFBC}") = "HappyShop.Model", "HappyShop.Base\HappyShop.Model\HappyShop.Model.csproj", "{7F5F0ABD-4520-4DFA-8C6C-C15CF39333F3}"
EndProject
Project("{FAE04EC0-301F-11D3-BF4B-00C04F79EFBC}") = "HappyShop.ServiceConnector", "HappyShop.Base\HappyShop.ServiceConnector\HappyShop.ServiceConnector.csproj", "{39489860-ACF5-4593-BB1A-518DF4868514}"
EndProject
Project("{FAE04EC0-301F-11D3-BF4B-00C04F79EFBC}") = "HappyShop.SystemTools", "HappyShop.Base\HappyShop.SystemTools\HappyShop.SystemTools.csproj", "{19BEAE5B-BD6C-4C19-8794-CDE2368030F6}"
EndProject
Global
	GlobalSection(SolutionConfigurationPlatforms) = preSolution
		Debug|Any CPU = Debug|Any CPU
		Release|Any CPU = Release|Any CPU
	EndGlobalSection
	GlobalSection(ProjectConfigurationPlatforms) = postSolution
		{177C59BA-225D-42A5-A07B-3198D74F4329}.Debug|Any CPU.ActiveCfg = Debug|Any CPU
		{177C59BA-225D-42A5-A07B-3198D74F4329}.Debug|Any CPU.Build.0 = Debug|Any CPU
		{177C59BA-225D-42A5-A07B-3198D74F4329}.Release|Any CPU.ActiveCfg = Release|Any CPU
		{177C59BA-225D-42A5-A07B-3198D74F4329}.Release|Any CPU.Build.0 = Release|Any CPU
		{B974E4EF-6B86-4665-B2FC-20758802093A}.Debug|Any CPU.ActiveCfg = Debug|Any CPU
		{B974E4EF-6B86-4665-B2FC-20758802093A}.Debug|Any CPU.Build.0 = Debug|Any CPU
		{B974E4EF-6B86-4665-B2FC-20758802093A}.Release|Any CPU.ActiveCfg = Release|Any CPU
		{B974E4EF-6B86-4665-B2FC-20758802093A}.Release|Any CPU.Build.0 = Release|Any CPU
		{7F5F0ABD-4520-4DFA-8C6C-C15CF39333F3}.Debug|Any CPU.ActiveCfg = Debug|Any CPU
		{7F5F0ABD-4520-4DFA-8C6C-C15CF39333F3}.Debug|Any CPU.Build.0 = Debug|Any CPU
		{7F5F0ABD-4520-4DFA-8C6C-C15CF39333F3}.Release|Any CPU.ActiveCfg = Release|Any CPU
		{7F5F0ABD-4520-4DFA-8C6C-C15CF39333F3}.Release|Any CPU.Build.0 = Release|Any CPU
		{39489860-ACF5-4593-BB1A-518DF4868514}.Debug|Any CPU.ActiveCfg = Debug|Any CPU
		{39489860-ACF5-4593-BB1A-518DF4868514}.Debug|Any CPU.Build.0 = Debug|Any CPU
		{39489860-ACF5-4593-BB1A-518DF4868514}.Release|Any CPU.ActiveCfg = Release|Any CPU
		{39489860-ACF5-4593-BB1A-518DF4868514}.Release|Any CPU.Build.0 = Release|Any CPU
		{19BEAE5B-BD6C-4C19-8794-CDE2368030F6}.Debug|Any CPU.ActiveCfg = Debug|Any CPU
		{19BEAE5B-BD6C-4C19-8794-CDE2368030F6}.Debug|Any CPU.Build.0 = Debug|Any CPU
		{19BEAE5B-BD6C-4C19-8794-CDE2368030F6}.Release|Any CPU.ActiveCfg = Release|Any CPU
		{19BEAE5B-BD6C-4C19-8794-CDE2368030F6}.Release|Any CPU.Build.0 = Release|Any CPU
	EndGlobalSection
	GlobalSection(SolutionProperties) = preSolution
		HideSolutionNode = FALSE
	EndGlobalSection
EndGlobal
